
Microsoft Visual Studio Solution File, Format Version 12.00
# Visual Studio Version 17
VisualStudioVersion = 17.7.34024.191
MinimumVisualStudioVersion = 10.0.40219.1
Project("{9A19103F-16F7-4668-BE54-9A1E7A4F7556}") = "AterrizarSA_Grupo5", "AterrizarSA_Grupo5\AterrizarSA_Grupo5.csproj", "{0481835C-9D22-437B-85DA-1EAFE2AF0C42}"
EndProject
Global
	GlobalSection(SolutionConfigurationPlatforms) = preSolution
		Debug|Any CPU = Debug|Any CPU
		Release|Any CPU = Release|Any CPU
	EndGlobalSection
	GlobalSection(ProjectConfigurationPlatforms) = postSolution
		{0481835C-9D22-437B-85DA-1EAFE2AF0C42}.Debug|Any CPU.ActiveCfg = Debug|Any CPU
		{0481835C-9D22-437B-85DA-1EAFE2AF0C42}.Debug|Any CPU.Build.0 = Debug|Any CPU
		{0481835C-9D22-437B-85DA-1EAFE2AF0C42}.Release|Any CPU.ActiveCfg = Release|Any CPU
		{0481835C-9D22-437B-85DA-1EAFE2AF0C42}.Release|Any CPU.Build.0 = Release|Any CPU
	EndGlobalSection
	GlobalSection(SolutionProperties) = preSolution
		HideSolutionNode = FALSE
	EndGlobalSection
	GlobalSection(ExtensibilityGlobals) = postSolution
		SolutionGuid = {305A28A4-7135-45D9-A95D-736C24C9E064}
	EndGlobalSection
EndGlobal
